
Microsoft Visual Studio Solution File, Format Version 12.00
# Visual Studio Version 17
VisualStudioVersion = 17.1.32414.318
MinimumVisualStudioVersion = 10.0.40219.1
Project("{FAE04EC0-301F-11D3-BF4B-00C04F79EFBC}") = "MVC", "MVC\MVC.csproj", "{C8EC42F6-D5F4-433B-BD26-FA99F50CF8C3}"
EndProject
Project("{FAE04EC0-301F-11D3-BF4B-00C04F79EFBC}") = "Bussines.cs", "Bussines.cs\Bussines.cs.csproj", "{0592C689-47DF-43DD-9430-DB1CCD3D1B1E}"
EndProject
Global
	GlobalSection(SolutionConfigurationPlatforms) = preSolution
		Debug|Any CPU = Debug|Any CPU
		Release|Any CPU = Release|Any CPU
	EndGlobalSection
	GlobalSection(ProjectConfigurationPlatforms) = postSolution
		{C8EC42F6-D5F4-433B-BD26-FA99F50CF8C3}.Debug|Any CPU.ActiveCfg = Debug|Any CPU
		{C8EC42F6-D5F4-433B-BD26-FA99F50CF8C3}.Debug|Any CPU.Build.0 = Debug|Any CPU
		{C8EC42F6-D5F4-433B-BD26-FA99F50CF8C3}.Release|Any CPU.ActiveCfg = Release|Any CPU
		{C8EC42F6-D5F4-433B-BD26-FA99F50CF8C3}.Release|Any CPU.Build.0 = Release|Any CPU
		{0592C689-47DF-43DD-9430-DB1CCD3D1B1E}.Debug|Any CPU.ActiveCfg = Debug|Any CPU
		{0592C689-47DF-43DD-9430-DB1CCD3D1B1E}.Debug|Any CPU.Build.0 = Debug|Any CPU
		{0592C689-47DF-43DD-9430-DB1CCD3D1B1E}.Release|Any CPU.ActiveCfg = Release|Any CPU
		{0592C689-47DF-43DD-9430-DB1CCD3D1B1E}.Release|Any CPU.Build.0 = Release|Any CPU
	EndGlobalSection
	GlobalSection(SolutionProperties) = preSolution
		HideSolutionNode = FALSE
	EndGlobalSection
	GlobalSection(ExtensibilityGlobals) = postSolution
		SolutionGuid = {F91652F8-CCE8-4E8E-A601-C234CCB10AED}
	EndGlobalSection
EndGlobal
