
Microsoft Visual Studio Solution File, Format Version 12.00
# Visual Studio Version 17
VisualStudioVersion = 17.1.32414.318
MinimumVisualStudioVersion = 10.0.40219.1
Project("{FAE04EC0-301F-11D3-BF4B-00C04F79EFBC}") = "MundialDelFutbol", "MundialDelFutbol\MundialDelFutbol.csproj", "{1EE0D03C-CC68-454B-B2A5-0BB4120E7DE6}"
EndProject
Global
	GlobalSection(SolutionConfigurationPlatforms) = preSolution
		Debug|Any CPU = Debug|Any CPU
		Release|Any CPU = Release|Any CPU
	EndGlobalSection
	GlobalSection(ProjectConfigurationPlatforms) = postSolution
		{1EE0D03C-CC68-454B-B2A5-0BB4120E7DE6}.Debug|Any CPU.ActiveCfg = Debug|Any CPU
		{1EE0D03C-CC68-454B-B2A5-0BB4120E7DE6}.Debug|Any CPU.Build.0 = Debug|Any CPU
		{1EE0D03C-CC68-454B-B2A5-0BB4120E7DE6}.Release|Any CPU.ActiveCfg = Release|Any CPU
		{1EE0D03C-CC68-454B-B2A5-0BB4120E7DE6}.Release|Any CPU.Build.0 = Release|Any CPU
	EndGlobalSection
	GlobalSection(SolutionProperties) = preSolution
		HideSolutionNode = FALSE
	EndGlobalSection
	GlobalSection(ExtensibilityGlobals) = postSolution
		SolutionGuid = {30B3A440-BC40-4458-B44E-9F714520D7EA}
	EndGlobalSection
EndGlobal
