
Microsoft Visual Studio Solution File, Format Version 12.00
# Visual Studio Version 17
VisualStudioVersion = 17.1.32228.430
MinimumVisualStudioVersion = 10.0.40219.1
Project("{FAE04EC0-301F-11D3-BF4B-00C04F79EFBC}") = "excersice6-NumberHigheArrays", "excersice6-NumberHigheArrays\excersice6-NumberHigheArrays.csproj", "{05FEE862-B021-4A40-A242-3D3121BF0ADA}"
EndProject
Global
	GlobalSection(SolutionConfigurationPlatforms) = preSolution
		Debug|Any CPU = Debug|Any CPU
		Release|Any CPU = Release|Any CPU
	EndGlobalSection
	GlobalSection(ProjectConfigurationPlatforms) = postSolution
		{05FEE862-B021-4A40-A242-3D3121BF0ADA}.Debug|Any CPU.ActiveCfg = Debug|Any CPU
		{05FEE862-B021-4A40-A242-3D3121BF0ADA}.Debug|Any CPU.Build.0 = Debug|Any CPU
		{05FEE862-B021-4A40-A242-3D3121BF0ADA}.Release|Any CPU.ActiveCfg = Release|Any CPU
		{05FEE862-B021-4A40-A242-3D3121BF0ADA}.Release|Any CPU.Build.0 = Release|Any CPU
	EndGlobalSection
	GlobalSection(SolutionProperties) = preSolution
		HideSolutionNode = FALSE
	EndGlobalSection
	GlobalSection(ExtensibilityGlobals) = postSolution
		SolutionGuid = {1F68C074-FA5B-4865-8EB5-3F46342DEDC7}
	EndGlobalSection
EndGlobal
